
Microsoft Visual Studio Solution File, Format Version 12.00
# Visual Studio Version 17
VisualStudioVersion = 17.8.34330.188
MinimumVisualStudioVersion = 10.0.40219.1
Project("{FAE04EC0-301F-11D3-BF4B-00C04F79EFBC}") = "Reservations", "Reservations\Reservations.csproj", "{91D70586-7D09-4F34-BD64-90A985AE756B}"
EndProject
Global
	GlobalSection(SolutionConfigurationPlatforms) = preSolution
		Debug|Any CPU = Debug|Any CPU
		Release|Any CPU = Release|Any CPU
	EndGlobalSection
	GlobalSection(ProjectConfigurationPlatforms) = postSolution
		{91D70586-7D09-4F34-BD64-90A985AE756B}.Debug|Any CPU.ActiveCfg = Debug|Any CPU
		{91D70586-7D09-4F34-BD64-90A985AE756B}.Debug|Any CPU.Build.0 = Debug|Any CPU
		{91D70586-7D09-4F34-BD64-90A985AE756B}.Release|Any CPU.ActiveCfg = Release|Any CPU
		{91D70586-7D09-4F34-BD64-90A985AE756B}.Release|Any CPU.Build.0 = Release|Any CPU
	EndGlobalSection
	GlobalSection(SolutionProperties) = preSolution
		HideSolutionNode = FALSE
	EndGlobalSection
	GlobalSection(ExtensibilityGlobals) = postSolution
		SolutionGuid = {AEA0155C-F5D1-42CF-A325-A7DD1BDAB256}
	EndGlobalSection
EndGlobal
